
Microsoft Visual Studio Solution File, Format Version 12.00
# Visual Studio Version 16
VisualStudioVersion = 16.0.29709.97
MinimumVisualStudioVersion = 10.0.40219.1
Project("{9A19103F-16F7-4668-BE54-9A1E7A4F7556}") = "MTGAHelper.Tracker.WPF.AutoUpdater", "MTGAHelper.Tracker.WPF.AutoUpdater\MTGAHelper.Tracker.WPF.AutoUpdater.csproj", "{28625CCA-088D-4A06-8159-8B463832895B}"
EndProject
Project("{9A19103F-16F7-4668-BE54-9A1E7A4F7556}") = "MTGAHelper.Web.Models", "MTGAHelper.Web.Models\MTGAHelper.Web.Models.csproj", "{1AFB2428-72D8-4724-8BF7-514DD98C22CC}"
EndProject
Project("{FAE04EC0-301F-11D3-BF4B-00C04F79EFBC}") = "MTGAHelper.Tracker.WPF", "MTGAHelper.Tracker.WPF\MTGAHelper.Tracker.WPF.csproj", "{7207FD3A-1288-41C5-BAB9-220FB19E9306}"
EndProject
Project("{9A19103F-16F7-4668-BE54-9A1E7A4F7556}") = "MTGAHelper.Lib.OutputLogParser", "MTGAHelper.Lib.OutputLogParser\MTGAHelper.Lib.OutputLogParser.csproj", "{1E839ED3-7C42-4239-B93E-B4C9BF8C40AF}"
EndProject
Project("{9A19103F-16F7-4668-BE54-9A1E7A4F7556}") = "MTGAHelper.Lib.OutputLogParser.Models", "MTGAHelper.Lib.OutputLogParser.Models\MTGAHelper.Lib.OutputLogParser.Models.csproj", "{62BBC2EB-4B1C-4028-AF0D-F8BD9A4649A6}"
EndProject
Project("{9A19103F-16F7-4668-BE54-9A1E7A4F7556}") = "MTGAHelper.ConsoleSync", "MTGAHelper.ConsoleSync\MTGAHelper.ConsoleSync.csproj", "{FF64BB8A-5484-4586-9825-5155610CF13E}"
EndProject
Project("{9A19103F-16F7-4668-BE54-9A1E7A4F7556}") = "MTGAHelper.Entity", "MTGAHelper.Entity\MTGAHelper.Entity.csproj", "{0C811C0B-D367-47B3-BA0B-5CD5BC00CFF2}"
EndProject
Project("{9A19103F-16F7-4668-BE54-9A1E7A4F7556}") = "MTGAHelper.Lib.Shared", "MTGAHelper.Lib.Shared\MTGAHelper.Lib.Shared.csproj", "{DBDCE9FD-CD75-4A8F-9215-BE289263BDDF}"
EndProject
Global
	GlobalSection(SolutionConfigurationPlatforms) = preSolution
		Debug|Any CPU = Debug|Any CPU
		Debug|x64 = Debug|x64
		DebugWithServer|Any CPU = DebugWithServer|Any CPU
		DebugWithServer|x64 = DebugWithServer|x64
		Release|Any CPU = Release|Any CPU
		Release|x64 = Release|x64
	EndGlobalSection
	GlobalSection(ProjectConfigurationPlatforms) = postSolution
		{28625CCA-088D-4A06-8159-8B463832895B}.Debug|Any CPU.ActiveCfg = Debug|Any CPU
		{28625CCA-088D-4A06-8159-8B463832895B}.Debug|Any CPU.Build.0 = Debug|Any CPU
		{28625CCA-088D-4A06-8159-8B463832895B}.Debug|x64.ActiveCfg = Debug|Any CPU
		{28625CCA-088D-4A06-8159-8B463832895B}.DebugWithServer|Any CPU.ActiveCfg = DebugWithServer|Any CPU
		{28625CCA-088D-4A06-8159-8B463832895B}.DebugWithServer|Any CPU.Build.0 = DebugWithServer|Any CPU
		{28625CCA-088D-4A06-8159-8B463832895B}.DebugWithServer|x64.ActiveCfg = DebugWithServer|Any CPU
		{28625CCA-088D-4A06-8159-8B463832895B}.Release|Any CPU.ActiveCfg = Release|Any CPU
		{28625CCA-088D-4A06-8159-8B463832895B}.Release|Any CPU.Build.0 = Release|Any CPU
		{28625CCA-088D-4A06-8159-8B463832895B}.Release|x64.ActiveCfg = Release|Any CPU
		{1AFB2428-72D8-4724-8BF7-514DD98C22CC}.Debug|Any CPU.ActiveCfg = Debug|Any CPU
		{1AFB2428-72D8-4724-8BF7-514DD98C22CC}.Debug|Any CPU.Build.0 = Debug|Any CPU
		{1AFB2428-72D8-4724-8BF7-514DD98C22CC}.Debug|x64.ActiveCfg = Debug|Any CPU
		{1AFB2428-72D8-4724-8BF7-514DD98C22CC}.Debug|x64.Build.0 = Debug|Any CPU
		{1AFB2428-72D8-4724-8BF7-514DD98C22CC}.DebugWithServer|Any CPU.ActiveCfg = DebugWithServer|Any CPU
		{1AFB2428-72D8-4724-8BF7-514DD98C22CC}.DebugWithServer|Any CPU.Build.0 = DebugWithServer|Any CPU
		{1AFB2428-72D8-4724-8BF7-514DD98C22CC}.DebugWithServer|x64.ActiveCfg = DebugWithServer|Any CPU
		{1AFB2428-72D8-4724-8BF7-514DD98C22CC}.DebugWithServer|x64.Build.0 = DebugWithServer|Any CPU
		{1AFB2428-72D8-4724-8BF7-514DD98C22CC}.Release|Any CPU.ActiveCfg = Release|Any CPU
		{1AFB2428-72D8-4724-8BF7-514DD98C22CC}.Release|Any CPU.Build.0 = Release|Any CPU
		{1AFB2428-72D8-4724-8BF7-514DD98C22CC}.Release|x64.ActiveCfg = Release|Any CPU
		{1AFB2428-72D8-4724-8BF7-514DD98C22CC}.Release|x64.Build.0 = Release|Any CPU
		{7207FD3A-1288-41C5-BAB9-220FB19E9306}.Debug|Any CPU.ActiveCfg = Debug|Any CPU
		{7207FD3A-1288-41C5-BAB9-220FB19E9306}.Debug|Any CPU.Build.0 = Debug|Any CPU
		{7207FD3A-1288-41C5-BAB9-220FB19E9306}.Debug|x64.ActiveCfg = Debug|Any CPU
		{7207FD3A-1288-41C5-BAB9-220FB19E9306}.Debug|x64.Build.0 = Debug|Any CPU
		{7207FD3A-1288-41C5-BAB9-220FB19E9306}.DebugWithServer|Any CPU.ActiveCfg = DebugWithServer|Any CPU
		{7207FD3A-1288-41C5-BAB9-220FB19E9306}.DebugWithServer|Any CPU.Build.0 = DebugWithServer|Any CPU
		{7207FD3A-1288-41C5-BAB9-220FB19E9306}.DebugWithServer|x64.ActiveCfg = DebugWithServer|Any CPU
		{7207FD3A-1288-41C5-BAB9-220FB19E9306}.DebugWithServer|x64.Build.0 = DebugWithServer|Any CPU
		{7207FD3A-1288-41C5-BAB9-220FB19E9306}.Release|Any CPU.ActiveCfg = Release|Any CPU
		{7207FD3A-1288-41C5-BAB9-220FB19E9306}.Release|Any CPU.Build.0 = Release|Any CPU
		{7207FD3A-1288-41C5-BAB9-220FB19E9306}.Release|x64.ActiveCfg = Release|Any CPU
		{7207FD3A-1288-41C5-BAB9-220FB19E9306}.Release|x64.Build.0 = Release|Any CPU
		{1E839ED3-7C42-4239-B93E-B4C9BF8C40AF}.Debug|Any CPU.ActiveCfg = Debug|Any CPU
		{1E839ED3-7C42-4239-B93E-B4C9BF8C40AF}.Debug|Any CPU.Build.0 = Debug|Any CPU
		{1E839ED3-7C42-4239-B93E-B4C9BF8C40AF}.Debug|x64.ActiveCfg = Debug|Any CPU
		{1E839ED3-7C42-4239-B93E-B4C9BF8C40AF}.Debug|x64.Build.0 = Debug|Any CPU
		{1E839ED3-7C42-4239-B93E-B4C9BF8C40AF}.DebugWithServer|Any CPU.ActiveCfg = DebugWithServer|Any CPU
		{1E839ED3-7C42-4239-B93E-B4C9BF8C40AF}.DebugWithServer|Any CPU.Build.0 = DebugWithServer|Any CPU
		{1E839ED3-7C42-4239-B93E-B4C9BF8C40AF}.DebugWithServer|x64.ActiveCfg = DebugWithServer|Any CPU
		{1E839ED3-7C42-4239-B93E-B4C9BF8C40AF}.DebugWithServer|x64.Build.0 = DebugWithServer|Any CPU
		{1E839ED3-7C42-4239-B93E-B4C9BF8C40AF}.Release|Any CPU.ActiveCfg = Release|Any CPU
		{1E839ED3-7C42-4239-B93E-B4C9BF8C40AF}.Release|Any CPU.Build.0 = Release|Any CPU
		{1E839ED3-7C42-4239-B93E-B4C9BF8C40AF}.Release|x64.ActiveCfg = Release|Any CPU
		{1E839ED3-7C42-4239-B93E-B4C9BF8C40AF}.Release|x64.Build.0 = Release|Any CPU
		{62BBC2EB-4B1C-4028-AF0D-F8BD9A4649A6}.Debug|Any CPU.ActiveCfg = Debug|Any CPU
		{62BBC2EB-4B1C-4028-AF0D-F8BD9A4649A6}.Debug|Any CPU.Build.0 = Debug|Any CPU
		{62BBC2EB-4B1C-4028-AF0D-F8BD9A4649A6}.Debug|x64.ActiveCfg = Debug|Any CPU
		{62BBC2EB-4B1C-4028-AF0D-F8BD9A4649A6}.Debug|x64.Build.0 = Debug|Any CPU
		{62BBC2EB-4B1C-4028-AF0D-F8BD9A4649A6}.DebugWithServer|Any CPU.ActiveCfg = DebugWithServer|Any CPU
		{62BBC2EB-4B1C-4028-AF0D-F8BD9A4649A6}.DebugWithServer|Any CPU.Build.0 = DebugWithServer|Any CPU
		{62BBC2EB-4B1C-4028-AF0D-F8BD9A4649A6}.DebugWithServer|x64.ActiveCfg = DebugWithServer|Any CPU
		{62BBC2EB-4B1C-4028-AF0D-F8BD9A4649A6}.DebugWithServer|x64.Build.0 = DebugWithServer|Any CPU
		{62BBC2EB-4B1C-4028-AF0D-F8BD9A4649A6}.Release|Any CPU.ActiveCfg = Release|Any CPU
		{62BBC2EB-4B1C-4028-AF0D-F8BD9A4649A6}.Release|Any CPU.Build.0 = Release|Any CPU
		{62BBC2EB-4B1C-4028-AF0D-F8BD9A4649A6}.Release|x64.ActiveCfg = Release|Any CPU
		{62BBC2EB-4B1C-4028-AF0D-F8BD9A4649A6}.Release|x64.Build.0 = Release|Any CPU
		{FF64BB8A-5484-4586-9825-5155610CF13E}.Debug|Any CPU.ActiveCfg = Debug|Any CPU
		{FF64BB8A-5484-4586-9825-5155610CF13E}.Debug|Any CPU.Build.0 = Debug|Any CPU
		{FF64BB8A-5484-4586-9825-5155610CF13E}.Debug|x64.ActiveCfg = Debug|Any CPU
		{FF64BB8A-5484-4586-9825-5155610CF13E}.Debug|x64.Build.0 = Debug|Any CPU
		{FF64BB8A-5484-4586-9825-5155610CF13E}.DebugWithServer|Any CPU.ActiveCfg = DebugWithServer|Any CPU
		{FF64BB8A-5484-4586-9825-5155610CF13E}.DebugWithServer|Any CPU.Build.0 = DebugWithServer|Any CPU
		{FF64BB8A-5484-4586-9825-5155610CF13E}.DebugWithServer|x64.ActiveCfg = DebugWithServer|Any CPU
		{FF64BB8A-5484-4586-9825-5155610CF13E}.DebugWithServer|x64.Build.0 = DebugWithServer|Any CPU
		{FF64BB8A-5484-4586-9825-5155610CF13E}.Release|Any CPU.ActiveCfg = Release|Any CPU
		{FF64BB8A-5484-4586-9825-5155610CF13E}.Release|Any CPU.Build.0 = Release|Any CPU
		{FF64BB8A-5484-4586-9825-5155610CF13E}.Release|x64.ActiveCfg = Release|Any CPU
		{FF64BB8A-5484-4586-9825-5155610CF13E}.Release|x64.Build.0 = Release|Any CPU
		{0C811C0B-D367-47B3-BA0B-5CD5BC00CFF2}.Debug|Any CPU.ActiveCfg = Debug|Any CPU
		{0C811C0B-D367-47B3-BA0B-5CD5BC00CFF2}.Debug|Any CPU.Build.0 = Debug|Any CPU
		{0C811C0B-D367-47B3-BA0B-5CD5BC00CFF2}.Debug|x64.ActiveCfg = Debug|Any CPU
		{0C811C0B-D367-47B3-BA0B-5CD5BC00CFF2}.Debug|x64.Build.0 = Debug|Any CPU
		{0C811C0B-D367-47B3-BA0B-5CD5BC00CFF2}.DebugWithServer|Any CPU.ActiveCfg = DebugWithServer|Any CPU
		{0C811C0B-D367-47B3-BA0B-5CD5BC00CFF2}.DebugWithServer|Any CPU.Build.0 = DebugWithServer|Any CPU
		{0C811C0B-D367-47B3-BA0B-5CD5BC00CFF2}.DebugWithServer|x64.ActiveCfg = DebugWithServer|Any CPU
		{0C811C0B-D367-47B3-BA0B-5CD5BC00CFF2}.DebugWithServer|x64.Build.0 = DebugWithServer|Any CPU
		{0C811C0B-D367-47B3-BA0B-5CD5BC00CFF2}.Release|Any CPU.ActiveCfg = Release|Any CPU
		{0C811C0B-D367-47B3-BA0B-5CD5BC00CFF2}.Release|Any CPU.Build.0 = Release|Any CPU
		{0C811C0B-D367-47B3-BA0B-5CD5BC00CFF2}.Release|x64.ActiveCfg = Release|Any CPU
		{0C811C0B-D367-47B3-BA0B-5CD5BC00CFF2}.Release|x64.Build.0 = Release|Any CPU
		{DBDCE9FD-CD75-4A8F-9215-BE289263BDDF}.Debug|Any CPU.ActiveCfg = Debug|Any CPU
		{DBDCE9FD-CD75-4A8F-9215-BE289263BDDF}.Debug|Any CPU.Build.0 = Debug|Any CPU
		{DBDCE9FD-CD75-4A8F-9215-BE289263BDDF}.Debug|x64.ActiveCfg = Debug|Any CPU
		{DBDCE9FD-CD75-4A8F-9215-BE289263BDDF}.Debug|x64.Build.0 = Debug|Any CPU
		{DBDCE9FD-CD75-4A8F-9215-BE289263BDDF}.DebugWithServer|Any CPU.ActiveCfg = Debug|Any CPU
		{DBDCE9FD-CD75-4A8F-9215-BE289263BDDF}.DebugWithServer|Any CPU.Build.0 = Debug|Any CPU
		{DBDCE9FD-CD75-4A8F-9215-BE289263BDDF}.DebugWithServer|x64.ActiveCfg = Debug|Any CPU
		{DBDCE9FD-CD75-4A8F-9215-BE289263BDDF}.DebugWithServer|x64.Build.0 = Debug|Any CPU
		{DBDCE9FD-CD75-4A8F-9215-BE289263BDDF}.Release|Any CPU.ActiveCfg = Release|Any CPU
		{DBDCE9FD-CD75-4A8F-9215-BE289263BDDF}.Release|Any CPU.Build.0 = Release|Any CPU
		{DBDCE9FD-CD75-4A8F-9215-BE289263BDDF}.Release|x64.ActiveCfg = Release|Any CPU
		{DBDCE9FD-CD75-4A8F-9215-BE289263BDDF}.Release|x64.Build.0 = Release|Any CPU
	EndGlobalSection
	GlobalSection(SolutionProperties) = preSolution
		HideSolutionNode = FALSE
	EndGlobalSection
	GlobalSection(ExtensibilityGlobals) = postSolution
		SolutionGuid = {B199F898-54D9-4AC2-A0B9-06F86107EA8D}
	EndGlobalSection
EndGlobal
